
Microsoft Visual Studio Solution File, Format Version 12.00
# Visual Studio 16
VisualStudioVersion = 16.0.28307.168
MinimumVisualStudioVersion = 10.0.40219.1
Project("{9A19103F-16F7-4668-BE54-9A1E7A4F7556}") = "TreeViewUnboundCheckBox_NETCore", "TreeViewUnboundCheckBox_NETCore.csproj", "{70A7ABC7-9986-411E-97D1-E60B8D0679D7}"
EndProject
Global
	GlobalSection(SolutionConfigurationPlatforms) = preSolution
		Debug|Any CPU = Debug|Any CPU
		Release|Any CPU = Release|Any CPU
	EndGlobalSection
	GlobalSection(ProjectConfigurationPlatforms) = postSolution
		{70A7ABC7-9986-411E-97D1-E60B8D0679D7}.Debug|Any CPU.ActiveCfg = Debug|Any CPU
		{70A7ABC7-9986-411E-97D1-E60B8D0679D7}.Debug|Any CPU.Build.0 = Debug|Any CPU
		{70A7ABC7-9986-411E-97D1-E60B8D0679D7}.Release|Any CPU.ActiveCfg = Release|Any CPU
		{70A7ABC7-9986-411E-97D1-E60B8D0679D7}.Release|Any CPU.Build.0 = Release|Any CPU
	EndGlobalSection
	GlobalSection(SolutionProperties) = preSolution
		HideSolutionNode = FALSE
	EndGlobalSection
	GlobalSection(ExtensibilityGlobals) = postSolution
		SolutionGuid = {355BE217-EBDA-4D2A-A20E-6D74C3F1767B}
	EndGlobalSection
EndGlobal
